
Microsoft Visual Studio Solution File, Format Version 12.00
# Visual Studio Version 16
VisualStudioVersion = 16.0.29509.3
MinimumVisualStudioVersion = 10.0.40219.1
Project("{9A19103F-16F7-4668-BE54-9A1E7A4F7556}") = "red_resume", "red_resume.csproj", "{CA6EE3EE-F61A-4F39-B69F-8F3EF91F75F2}"
EndProject
Project("{9A19103F-16F7-4668-BE54-9A1E7A4F7556}") = "xUnitTest", "..\xUnitTest\xUnitTest.csproj", "{7C932F25-D8F7-47EC-91B8-ACB54250B744}"
EndProject
Global
	GlobalSection(SolutionConfigurationPlatforms) = preSolution
		Debug|Any CPU = Debug|Any CPU
		Release|Any CPU = Release|Any CPU
	EndGlobalSection
	GlobalSection(ProjectConfigurationPlatforms) = postSolution
		{CA6EE3EE-F61A-4F39-B69F-8F3EF91F75F2}.Debug|Any CPU.ActiveCfg = Debug|Any CPU
		{CA6EE3EE-F61A-4F39-B69F-8F3EF91F75F2}.Debug|Any CPU.Build.0 = Debug|Any CPU
		{CA6EE3EE-F61A-4F39-B69F-8F3EF91F75F2}.Release|Any CPU.ActiveCfg = Release|Any CPU
		{CA6EE3EE-F61A-4F39-B69F-8F3EF91F75F2}.Release|Any CPU.Build.0 = Release|Any CPU
		{7C932F25-D8F7-47EC-91B8-ACB54250B744}.Debug|Any CPU.ActiveCfg = Debug|Any CPU
		{7C932F25-D8F7-47EC-91B8-ACB54250B744}.Debug|Any CPU.Build.0 = Debug|Any CPU
		{7C932F25-D8F7-47EC-91B8-ACB54250B744}.Release|Any CPU.ActiveCfg = Release|Any CPU
		{7C932F25-D8F7-47EC-91B8-ACB54250B744}.Release|Any CPU.Build.0 = Release|Any CPU
	EndGlobalSection
	GlobalSection(SolutionProperties) = preSolution
		HideSolutionNode = FALSE
	EndGlobalSection
	GlobalSection(ExtensibilityGlobals) = postSolution
		SolutionGuid = {74A8BD8F-1AD2-488A-B1A8-89F813365353}
	EndGlobalSection
EndGlobal
